{
  "name": "vgj-law",
  "version": "1.0.0",
  "lockfileVersion": 3,
  "requires": true,
  "packages": {
    "": {
      "name": "vgj-law",
      "version": "1.0.0",
      "license": "UNLICENSED",
      "devDependencies": {
        "electron": "^33.4.11",
        "electron-builder": "^25.1.8"
      }
    },
    "node_modules/@develar/schema-utils": {
      "version": "2.6.5",
      "resolved": "https://registry.npmjs.org/@develar/schema-utils/-/schema-utils-2.6.5.tgz",
      "integrity": "sha512-0cp4PsWQ/9avqTVMCtZ+GirikIA36ikvjtHweU4/j8yLtgObI0+JUPhYFScgwlteveGB1rt3Cm8UhN04XayDig==",
      "dev": true
    }
  }
}
